Microsoft Visual Studio Solution File, Format Version 12.00
# Visual Studio 2012
Project("{FAE04EC0-301F-11D3-BF4B-00C04F79EFBC}") = "GGJ2026_Mask", "GGJ2026_Mask.csproj", "{DA8785B7-8577-4337-8CCB-7BFA046C95A1}"
EndProject
Global
	GlobalSection(SolutionConfigurationPlatforms) = preSolution
	Debug|Any CPU = Debug|Any CPU
	ExportDebug|Any CPU = ExportDebug|Any CPU
	ExportRelease|Any CPU = ExportRelease|Any CPU
	EndGlobalSection
	GlobalSection(ProjectConfigurationPlatforms) = postSolution
		{DA8785B7-8577-4337-8CCB-7BFA046C95A1}.Debug|Any CPU.ActiveCfg = Debug|Any CPU
		{DA8785B7-8577-4337-8CCB-7BFA046C95A1}.Debug|Any CPU.Build.0 = Debug|Any CPU
		{DA8785B7-8577-4337-8CCB-7BFA046C95A1}.ExportDebug|Any CPU.ActiveCfg = ExportDebug|Any CPU
		{DA8785B7-8577-4337-8CCB-7BFA046C95A1}.ExportDebug|Any CPU.Build.0 = ExportDebug|Any CPU
		{DA8785B7-8577-4337-8CCB-7BFA046C95A1}.ExportRelease|Any CPU.ActiveCfg = ExportRelease|Any CPU
		{DA8785B7-8577-4337-8CCB-7BFA046C95A1}.ExportRelease|Any CPU.Build.0 = ExportRelease|Any CPU
	EndGlobalSection
EndGlobal
